
Microsoft Visual Studio Solution File, Format Version 12.00
# Visual Studio Version 16
VisualStudioVersion = 16.0.29418.71
MinimumVisualStudioVersion = 10.0.40219.1
Project("{8BC9CEB8-8B4A-11D0-8D11-00A0C91BC942}") = "unishare", "unishare\unishare.vcxproj", "{F3872522-F57F-4FA5-902E-114FB1C3C0D2}"
EndProject
Project("{8BC9CEB8-8B4A-11D0-8D11-00A0C91BC942}") = "examples", "examples\examples.vcxproj", "{06E3E7D8-150D-45D4-8BB8-110076F91647}"
EndProject
Global
	GlobalSection(SolutionConfigurationPlatforms) = preSolution
		Debug|x64 = Debug|x64
		Debug|x86 = Debug|x86
		Release|x64 = Release|x64
		Release|x86 = Release|x86
	EndGlobalSection
	GlobalSection(ProjectConfigurationPlatforms) = postSolution
		{F3872522-F57F-4FA5-902E-114FB1C3C0D2}.Debug|x64.ActiveCfg = Debug|x64
		{F3872522-F57F-4FA5-902E-114FB1C3C0D2}.Debug|x64.Build.0 = Debug|x64
		{F3872522-F57F-4FA5-902E-114FB1C3C0D2}.Debug|x86.ActiveCfg = Debug|Win32
		{F3872522-F57F-4FA5-902E-114FB1C3C0D2}.Debug|x86.Build.0 = Debug|Win32
		{F3872522-F57F-4FA5-902E-114FB1C3C0D2}.Release|x64.ActiveCfg = Release|x64
		{F3872522-F57F-4FA5-902E-114FB1C3C0D2}.Release|x64.Build.0 = Release|x64
		{F3872522-F57F-4FA5-902E-114FB1C3C0D2}.Release|x86.ActiveCfg = Release|Win32
		{F3872522-F57F-4FA5-902E-114FB1C3C0D2}.Release|x86.Build.0 = Release|Win32
		{06E3E7D8-150D-45D4-8BB8-110076F91647}.Debug|x64.ActiveCfg = Debug|x64
		{06E3E7D8-150D-45D4-8BB8-110076F91647}.Debug|x64.Build.0 = Debug|x64
		{06E3E7D8-150D-45D4-8BB8-110076F91647}.Debug|x86.ActiveCfg = Debug|Win32
		{06E3E7D8-150D-45D4-8BB8-110076F91647}.Debug|x86.Build.0 = Debug|Win32
		{06E3E7D8-150D-45D4-8BB8-110076F91647}.Release|x64.ActiveCfg = Release|x64
		{06E3E7D8-150D-45D4-8BB8-110076F91647}.Release|x64.Build.0 = Release|x64
		{06E3E7D8-150D-45D4-8BB8-110076F91647}.Release|x86.ActiveCfg = Release|Win32
		{06E3E7D8-150D-45D4-8BB8-110076F91647}.Release|x86.Build.0 = Release|Win32
	EndGlobalSection
	GlobalSection(SolutionProperties) = preSolution
		HideSolutionNode = FALSE
	EndGlobalSection
	GlobalSection(ExtensibilityGlobals) = postSolution
		SolutionGuid = {EE4718A1-9E08-4196-96E3-04F9D07F4A7F}
	EndGlobalSection
EndGlobal
